
Microsoft Visual Studio Solution File, Format Version 12.00
Project("{FAE04EC0-301F-11D3-BF4B-00C04F79EFBC}") = "CAProj", "CAProj\CAProj.csproj", "{00151DC2-7D14-418F-BB52-E23F1896A131}"
EndProject
Global
	GlobalSection(SolutionConfigurationPlatforms) = preSolution
		Debug|Any CPU = Debug|Any CPU
		Release|Any CPU = Release|Any CPU
	EndGlobalSection
	GlobalSection(ProjectConfigurationPlatforms) = postSolution
		{00151DC2-7D14-418F-BB52-E23F1896A131}.Debug|Any CPU.ActiveCfg = Debug|Any CPU
		{00151DC2-7D14-418F-BB52-E23F1896A131}.Debug|Any CPU.Build.0 = Debug|Any CPU
		{00151DC2-7D14-418F-BB52-E23F1896A131}.Release|Any CPU.ActiveCfg = Release|Any CPU
		{00151DC2-7D14-418F-BB52-E23F1896A131}.Release|Any CPU.Build.0 = Release|Any CPU
	EndGlobalSection
EndGlobal
